
Microsoft Visual Studio Solution File, Format Version 12.00
# Visual Studio Version 17
VisualStudioVersion = 17.0.31903.59
MinimumVisualStudioVersion = 10.0.40219.1
Project("{FAE04EC0-301F-11D3-BF4B-00C04F79EFBC}") = "API", "API\API.csproj", "{288B2C2B-8139-4F2F-822E-2F1352D8B110}"
EndProject
Project("{FAE04EC0-301F-11D3-BF4B-00C04F79EFBC}") = "Core", "Core\Core.csproj", "{0E73AC4C-74A2-47D8-B49B-336E35EF4A91}"
EndProject
Project("{FAE04EC0-301F-11D3-BF4B-00C04F79EFBC}") = "Infrastucture", "Infrastucture\Infrastucture.csproj", "{7DEC0B8D-628F-4096-B033-7534C7F05818}"
EndProject
Global
	GlobalSection(SolutionConfigurationPlatforms) = preSolution
		Debug|Any CPU = Debug|Any CPU
		Release|Any CPU = Release|Any CPU
	EndGlobalSection
	GlobalSection(SolutionProperties) = preSolution
		HideSolutionNode = FALSE
	EndGlobalSection
	GlobalSection(ProjectConfigurationPlatforms) = postSolution
		{288B2C2B-8139-4F2F-822E-2F1352D8B110}.Debug|Any CPU.ActiveCfg = Debug|Any CPU
		{288B2C2B-8139-4F2F-822E-2F1352D8B110}.Debug|Any CPU.Build.0 = Debug|Any CPU
		{288B2C2B-8139-4F2F-822E-2F1352D8B110}.Release|Any CPU.ActiveCfg = Release|Any CPU
		{288B2C2B-8139-4F2F-822E-2F1352D8B110}.Release|Any CPU.Build.0 = Release|Any CPU
		{0E73AC4C-74A2-47D8-B49B-336E35EF4A91}.Debug|Any CPU.ActiveCfg = Debug|Any CPU
		{0E73AC4C-74A2-47D8-B49B-336E35EF4A91}.Debug|Any CPU.Build.0 = Debug|Any CPU
		{0E73AC4C-74A2-47D8-B49B-336E35EF4A91}.Release|Any CPU.ActiveCfg = Release|Any CPU
		{0E73AC4C-74A2-47D8-B49B-336E35EF4A91}.Release|Any CPU.Build.0 = Release|Any CPU
		{7DEC0B8D-628F-4096-B033-7534C7F05818}.Debug|Any CPU.ActiveCfg = Debug|Any CPU
		{7DEC0B8D-628F-4096-B033-7534C7F05818}.Debug|Any CPU.Build.0 = Debug|Any CPU
		{7DEC0B8D-628F-4096-B033-7534C7F05818}.Release|Any CPU.ActiveCfg = Release|Any CPU
		{7DEC0B8D-628F-4096-B033-7534C7F05818}.Release|Any CPU.Build.0 = Release|Any CPU
	EndGlobalSection
EndGlobal
